
Microsoft Visual Studio Solution File, Format Version 12.00
# Visual Studio 15
VisualStudioVersion = 15.0.27004.2009
MinimumVisualStudioVersion = 10.0.40219.1
Project("{2150E333-8FDC-42A3-9474-1A3956D46DE8}") = "src", "src", "{4B330D21-2EE5-4C34-B716-0DB1FBC58E29}"
EndProject
Project("{2150E333-8FDC-42A3-9474-1A3956D46DE8}") = "Solution Items", "Solution Items", "{C142786B-F60E-4B6B-B9F2-1D25C3A3D7B5}"
	ProjectSection(SolutionItems) = preProject
		.gitignore = .gitignore
		README.md = README.md
		SharedAssemblyVersion.cs = SharedAssemblyVersion.cs
		LICENSE.md = LICENSE.md
	EndProjectSection
EndProject
Project("{2150E333-8FDC-42A3-9474-1A3956D46DE8}") = "test", "test", "{7E594B3F-4CA9-4198-B90D-DD16972D0481}"
EndProject
Project("{9A19103F-16F7-4668-BE54-9A1E7A4F7556}") = "Itinero.VectorTiles", "src\Itinero.VectorTiles\Itinero.VectorTiles.csproj", "{DB22EE28-864E-4A81-94A0-32DE2F37284D}"
EndProject
Project("{9A19103F-16F7-4668-BE54-9A1E7A4F7556}") = "Itinero.VectorTiles.Test.Functional", "test\Itinero.VectorTiles.Test.Functional\Itinero.VectorTiles.Test.Functional.csproj", "{706CE710-A3B7-4565-9B98-ED3B359808C8}"
EndProject
Project("{9A19103F-16F7-4668-BE54-9A1E7A4F7556}") = "Itinero.VectorTiles.Test", "test\Itinero.VectorTiles.Test\Itinero.VectorTiles.Test.csproj", "{E50C2604-CC1E-4DAE-BB14-851439569413}"
EndProject
Project("{9A19103F-16F7-4668-BE54-9A1E7A4F7556}") = "Itinero.VectorTiles.Mapbox", "src\Itinero.VectorTiles.Mapbox\Itinero.VectorTiles.Mapbox.csproj", "{BF140F7A-30C4-4A79-8C11-D1348C935B98}"
EndProject
Global
	GlobalSection(SolutionConfigurationPlatforms) = preSolution
		Debug|Any CPU = Debug|Any CPU
		Debug|x64 = Debug|x64
		Release|Any CPU = Release|Any CPU
		Release|x64 = Release|x64
		Debug|x86 = Debug|x86
		Release|x86 = Release|x86
	EndGlobalSection
	GlobalSection(ProjectConfigurationPlatforms) = postSolution
		{DB22EE28-864E-4A81-94A0-32DE2F37284D}.Debug|Any CPU.ActiveCfg = Debug|Any CPU
		{DB22EE28-864E-4A81-94A0-32DE2F37284D}.Debug|Any CPU.Build.0 = Debug|Any CPU
		{DB22EE28-864E-4A81-94A0-32DE2F37284D}.Debug|x64.ActiveCfg = Debug|Any CPU
		{DB22EE28-864E-4A81-94A0-32DE2F37284D}.Debug|x64.Build.0 = Debug|Any CPU
		{DB22EE28-864E-4A81-94A0-32DE2F37284D}.Release|Any CPU.ActiveCfg = Release|Any CPU
		{DB22EE28-864E-4A81-94A0-32DE2F37284D}.Release|Any CPU.Build.0 = Release|Any CPU
		{DB22EE28-864E-4A81-94A0-32DE2F37284D}.Release|x64.ActiveCfg = Release|Any CPU
		{DB22EE28-864E-4A81-94A0-32DE2F37284D}.Release|x64.Build.0 = Release|Any CPU
		{706CE710-A3B7-4565-9B98-ED3B359808C8}.Debug|Any CPU.ActiveCfg = Debug|Any CPU
		{706CE710-A3B7-4565-9B98-ED3B359808C8}.Debug|Any CPU.Build.0 = Debug|Any CPU
		{706CE710-A3B7-4565-9B98-ED3B359808C8}.Debug|x64.ActiveCfg = Debug|Any CPU
		{706CE710-A3B7-4565-9B98-ED3B359808C8}.Debug|x64.Build.0 = Debug|Any CPU
		{706CE710-A3B7-4565-9B98-ED3B359808C8}.Release|Any CPU.ActiveCfg = Release|Any CPU
		{706CE710-A3B7-4565-9B98-ED3B359808C8}.Release|Any CPU.Build.0 = Release|Any CPU
		{706CE710-A3B7-4565-9B98-ED3B359808C8}.Release|x64.ActiveCfg = Release|Any CPU
		{706CE710-A3B7-4565-9B98-ED3B359808C8}.Release|x64.Build.0 = Release|Any CPU
		{E50C2604-CC1E-4DAE-BB14-851439569413}.Debug|Any CPU.ActiveCfg = Debug|Any CPU
		{E50C2604-CC1E-4DAE-BB14-851439569413}.Debug|Any CPU.Build.0 = Debug|Any CPU
		{E50C2604-CC1E-4DAE-BB14-851439569413}.Debug|x64.ActiveCfg = Debug|Any CPU
		{E50C2604-CC1E-4DAE-BB14-851439569413}.Debug|x64.Build.0 = Debug|Any CPU
		{E50C2604-CC1E-4DAE-BB14-851439569413}.Release|Any CPU.ActiveCfg = Release|Any CPU
		{E50C2604-CC1E-4DAE-BB14-851439569413}.Release|Any CPU.Build.0 = Release|Any CPU
		{E50C2604-CC1E-4DAE-BB14-851439569413}.Release|x64.ActiveCfg = Release|Any CPU
		{E50C2604-CC1E-4DAE-BB14-851439569413}.Release|x64.Build.0 = Release|Any CPU
		{BF140F7A-30C4-4A79-8C11-D1348C935B98}.Debug|Any CPU.ActiveCfg = Debug|Any CPU
		{BF140F7A-30C4-4A79-8C11-D1348C935B98}.Debug|Any CPU.Build.0 = Debug|Any CPU
		{BF140F7A-30C4-4A79-8C11-D1348C935B98}.Debug|x64.ActiveCfg = Debug|Any CPU
		{BF140F7A-30C4-4A79-8C11-D1348C935B98}.Debug|x64.Build.0 = Debug|Any CPU
		{BF140F7A-30C4-4A79-8C11-D1348C935B98}.Release|Any CPU.ActiveCfg = Release|Any CPU
		{BF140F7A-30C4-4A79-8C11-D1348C935B98}.Release|Any CPU.Build.0 = Release|Any CPU
		{BF140F7A-30C4-4A79-8C11-D1348C935B98}.Release|x64.ActiveCfg = Release|Any CPU
		{BF140F7A-30C4-4A79-8C11-D1348C935B98}.Release|x64.Build.0 = Release|Any CPU
	EndGlobalSection
	GlobalSection(SolutionProperties) = preSolution
		HideSolutionNode = FALSE
	EndGlobalSection
	GlobalSection(NestedProjects) = preSolution
		{DB22EE28-864E-4A81-94A0-32DE2F37284D} = {4B330D21-2EE5-4C34-B716-0DB1FBC58E29}
		{706CE710-A3B7-4565-9B98-ED3B359808C8} = {7E594B3F-4CA9-4198-B90D-DD16972D0481}
		{E50C2604-CC1E-4DAE-BB14-851439569413} = {7E594B3F-4CA9-4198-B90D-DD16972D0481}
		{BF140F7A-30C4-4A79-8C11-D1348C935B98} = {4B330D21-2EE5-4C34-B716-0DB1FBC58E29}
	EndGlobalSection
	GlobalSection(ExtensibilityGlobals) = postSolution
		SolutionGuid = {14F79A2E-BC87-4C87-A8D2-867FD68EB6BC}
	EndGlobalSection
EndGlobal
